<Solution>
  <Project Path="Assembly-CSharp.csproj" />
  <Project Path="UnityUIExtensions.csproj" />
  <Project Path="UnityUIExtensions.editor.csproj" />
  <Project Path="Google.Play.Games.Editor.csproj" />
  <Project Path="PlayFab.csproj" />
  <Project Path="Google.Play.Games.csproj" />
  <Project Path="PlayFabEditorExtensions.csproj" />
  <Project Path="Assembly-CSharp-firstpass.csproj" />
  <Project Path="Assembly-CSharp-Editor.csproj" />
  <Project Path="GoogleMobileAds.Editor.csproj" />
  <Project Path="GoogleMobileAds.Mediation.UnityAds.iOS.csproj" />
  <Project Path="PlayFabSDKEditor.csproj" />
  <Project Path="GoogleMobileAds.Mediation.UnityAds.Common.csproj" />
  <Project Path="GoogleMobileAds.Mediation.UnityAds.Api.csproj" />
  <Project Path="GoogleMobileAds.Mediation.UnityAds.Android.csproj" />
</Solution>
